
Microsoft Visual Studio Solution File, Format Version 12.00
# Visual Studio 15
VisualStudioVersion = 15.0.28307.757
MinimumVisualStudioVersion = 10.0.40219.1
Project("{9A19103F-16F7-4668-BE54-9A1E7A4F7556}") = "ZooManagemetSystem", "ZooManagemetSystem\ZooManagemetSystem.csproj", "{A6FCDF53-7E25-477F-9C04-BA8C5957F1DD}"
EndProject
Project("{FAE04EC0-301F-11D3-BF4B-00C04F79EFBC}") = "RotatingArray", "RotatingArray\RotatingArray.csproj", "{C533462C-4ADC-4772-8CEE-29BA146C0643}"
EndProject
Project("{FAE04EC0-301F-11D3-BF4B-00C04F79EFBC}") = "RotatingArrayUnitTest", "UnitTestProject1\RotatingArrayUnitTest.csproj", "{E55D4F77-884F-46D5-84E0-D35DE18E1E8D}"
EndProject
Global
	GlobalSection(SolutionConfigurationPlatforms) = preSolution
		Debug|Any CPU = Debug|Any CPU
		Release|Any CPU = Release|Any CPU
	EndGlobalSection
	GlobalSection(ProjectConfigurationPlatforms) = postSolution
		{A6FCDF53-7E25-477F-9C04-BA8C5957F1DD}.Debug|Any CPU.ActiveCfg = Debug|Any CPU
		{A6FCDF53-7E25-477F-9C04-BA8C5957F1DD}.Debug|Any CPU.Build.0 = Debug|Any CPU
		{A6FCDF53-7E25-477F-9C04-BA8C5957F1DD}.Release|Any CPU.ActiveCfg = Release|Any CPU
		{A6FCDF53-7E25-477F-9C04-BA8C5957F1DD}.Release|Any CPU.Build.0 = Release|Any CPU
		{C533462C-4ADC-4772-8CEE-29BA146C0643}.Debug|Any CPU.ActiveCfg = Debug|Any CPU
		{C533462C-4ADC-4772-8CEE-29BA146C0643}.Debug|Any CPU.Build.0 = Debug|Any CPU
		{C533462C-4ADC-4772-8CEE-29BA146C0643}.Release|Any CPU.ActiveCfg = Release|Any CPU
		{C533462C-4ADC-4772-8CEE-29BA146C0643}.Release|Any CPU.Build.0 = Release|Any CPU
		{E55D4F77-884F-46D5-84E0-D35DE18E1E8D}.Debug|Any CPU.ActiveCfg = Debug|Any CPU
		{E55D4F77-884F-46D5-84E0-D35DE18E1E8D}.Debug|Any CPU.Build.0 = Debug|Any CPU
		{E55D4F77-884F-46D5-84E0-D35DE18E1E8D}.Release|Any CPU.ActiveCfg = Release|Any CPU
		{E55D4F77-884F-46D5-84E0-D35DE18E1E8D}.Release|Any CPU.Build.0 = Release|Any CPU
	EndGlobalSection
	GlobalSection(SolutionProperties) = preSolution
		HideSolutionNode = FALSE
	EndGlobalSection
	GlobalSection(ExtensibilityGlobals) = postSolution
		SolutionGuid = {27F20AF8-4CAE-4BFB-ACE0-C040706476DB}
	EndGlobalSection
EndGlobal
